
Microsoft Visual Studio Solution File, Format Version 12.00
# Visual Studio Version 16
VisualStudioVersion = 16.0.31205.134
MinimumVisualStudioVersion = 10.0.40219.1
Project("{FAE04EC0-301F-11D3-BF4B-00C04F79EFBC}") = "WeekMenu", "WeekMenu.csproj", "{A308F9C9-744E-40B3-A50A-F5EAD85C1169}"
EndProject
Global
	GlobalSection(SolutionConfigurationPlatforms) = preSolution
		Debug|Any CPU = Debug|Any CPU
		Release|Any CPU = Release|Any CPU
	EndGlobalSection
	GlobalSection(ProjectConfigurationPlatforms) = postSolution
		{A308F9C9-744E-40B3-A50A-F5EAD85C1169}.Debug|Any CPU.ActiveCfg = Debug|Any CPU
		{A308F9C9-744E-40B3-A50A-F5EAD85C1169}.Debug|Any CPU.Build.0 = Debug|Any CPU
		{A308F9C9-744E-40B3-A50A-F5EAD85C1169}.Release|Any CPU.ActiveCfg = Release|Any CPU
		{A308F9C9-744E-40B3-A50A-F5EAD85C1169}.Release|Any CPU.Build.0 = Release|Any CPU
	EndGlobalSection
	GlobalSection(SolutionProperties) = preSolution
		HideSolutionNode = FALSE
	EndGlobalSection
	GlobalSection(ExtensibilityGlobals) = postSolution
		SolutionGuid = {D310922A-BE08-412D-A521-6E21B437A3DF}
	EndGlobalSection
EndGlobal
